
Microsoft Visual Studio Solution File, Format Version 12.00
# Visual Studio Version 16
VisualStudioVersion = 16.0.31205.134
MinimumVisualStudioVersion = 10.0.40219.1
Project("{9A19103F-16F7-4668-BE54-9A1E7A4F7556}") = "e-shop.API", "..\..\..\e-shop\e-shop.API.csproj", "{11430D3C-DFF0-474D-9A47-E63F170A834C}"
EndProject
Project("{FAE04EC0-301F-11D3-BF4B-00C04F79EFBC}") = "e-Shop.ClientUI", "..\..\..\e-shop.ClientUI\e-Shop.ClientUI\e-Shop.ClientUI.csproj", "{B99B02EA-697B-41AB-98A4-58F577F1CC2D}"
EndProject
Project("{9A19103F-16F7-4668-BE54-9A1E7A4F7556}") = "e-shop.Client", "..\..\e-shop.Client.csproj", "{31FCD076-8082-40F2-A606-50A6716564F5}"
EndProject
Global
	GlobalSection(SolutionConfigurationPlatforms) = preSolution
		Debug|Any CPU = Debug|Any CPU
		Release|Any CPU = Release|Any CPU
	EndGlobalSection
	GlobalSection(ProjectConfigurationPlatforms) = postSolution
		{11430D3C-DFF0-474D-9A47-E63F170A834C}.Debug|Any CPU.ActiveCfg = Debug|Any CPU
		{11430D3C-DFF0-474D-9A47-E63F170A834C}.Debug|Any CPU.Build.0 = Debug|Any CPU
		{11430D3C-DFF0-474D-9A47-E63F170A834C}.Release|Any CPU.ActiveCfg = Release|Any CPU
		{11430D3C-DFF0-474D-9A47-E63F170A834C}.Release|Any CPU.Build.0 = Release|Any CPU
		{B99B02EA-697B-41AB-98A4-58F577F1CC2D}.Debug|Any CPU.ActiveCfg = Debug|Any CPU
		{B99B02EA-697B-41AB-98A4-58F577F1CC2D}.Debug|Any CPU.Build.0 = Debug|Any CPU
		{B99B02EA-697B-41AB-98A4-58F577F1CC2D}.Release|Any CPU.ActiveCfg = Release|Any CPU
		{B99B02EA-697B-41AB-98A4-58F577F1CC2D}.Release|Any CPU.Build.0 = Release|Any CPU
		{31FCD076-8082-40F2-A606-50A6716564F5}.Debug|Any CPU.ActiveCfg = Debug|Any CPU
		{31FCD076-8082-40F2-A606-50A6716564F5}.Debug|Any CPU.Build.0 = Debug|Any CPU
		{31FCD076-8082-40F2-A606-50A6716564F5}.Release|Any CPU.ActiveCfg = Release|Any CPU
		{31FCD076-8082-40F2-A606-50A6716564F5}.Release|Any CPU.Build.0 = Release|Any CPU
	EndGlobalSection
	GlobalSection(SolutionProperties) = preSolution
		HideSolutionNode = FALSE
	EndGlobalSection
	GlobalSection(ExtensibilityGlobals) = postSolution
		SolutionGuid = {0C50CCB8-7455-4859-95D1-D88247AE602B}
	EndGlobalSection
EndGlobal
